{
  "lockfileVersion": 1,
  "workspaces": {
    "": {
      "name": "bun-react-template",
      "dependencies": {
        "chessops": "^0.15.0",
        "react": "^19",
        "react-chessboard": "^5.8.3",
        "react-dom": "^19",
      },
      "devDependencies": {
        "@types/bun": "latest",
        "@types/react": "^19",
        "@types/react-dom": "^19",
      },
    },
  },
  "packages": {
    "@badrap/result": ["@badrap/result@0.3.1", "", {}, "sha512-ECvpsyZYknoRD0peG1K+UkX5llld3TyK1Ot9Cq2epSoWK19nyzpGKVl98sadSmohu5wHNuiDl+Ex9SVdcIjiFg=="],

    "@dnd-kit/accessibility": ["@dnd-kit/accessibility@3.1.1", "", { "dependencies": { "tslib": "^2.0.0" }, "peerDependencies": { "react": ">=16.8.0" } }, "sha512-2P+YgaXF+gRsIihwwY1gCsQSYnu9Zyj2py8kY5fFvUM1qm2WA2u639R6YNVfU4GWr+ZM5mqEsfHZZLoRONbemw=="],

    "@dnd-kit/core": ["@dnd-kit/core@6.3.1", "", { "dependencies": { "@dnd-kit/accessibility": "^3.1.1", "@dnd-kit/utilities": "^3.2.2", "tslib": "^2.0.0" }, "peerDependencies": { "react": ">=16.8.0", "react-dom": ">=16.8.0" } }, "sha512-xkGBRQQab4RLwgXxoqETICr6S5JlogafbhNsidmrkVv2YRs5MLwpjoF2qpiGjQt8S9AoxtIV603s0GIUpY5eYQ=="],

    "@dnd-kit/modifiers": ["@dnd-kit/modifiers@9.0.0", "", { "dependencies": { "@dnd-kit/utilities": "^3.2.2", "tslib": "^2.0.0" }, "peerDependencies": { "@dnd-kit/core": "^6.3.0", "react": ">=16.8.0" } }, "sha512-ybiLc66qRGuZoC20wdSSG6pDXFikui/dCNGthxv4Ndy8ylErY0N3KVxY2bgo7AWwIbxDmXDg3ylAFmnrjcbVvw=="],

    "@dnd-kit/utilities": ["@dnd-kit/utilities@3.2.2", "", { "dependencies": { "tslib": "^2.0.0" }, "peerDependencies": { "react": ">=16.8.0" } }, "sha512-+MKAJEOfaBe5SmV6t34p80MMKhjvUz0vRrvVJbPT0WElzaOJ/1xs+D+KDv+tD/NE5ujfrChEcshd4fLn0wpiqg=="],

    "@types/bun": ["@types/bun@1.3.1", "", { "dependencies": { "bun-types": "1.3.1" } }, "sha512-4jNMk2/K9YJtfqwoAa28c8wK+T7nvJFOjxI4h/7sORWcypRNxBpr+TPNaCfVWq70tLCJsqoFwcf0oI0JU/fvMQ=="],

    "@types/node": ["@types/node@24.9.2", "", { "dependencies": { "undici-types": "~7.16.0" } }, "sha512-uWN8YqxXxqFMX2RqGOrumsKeti4LlmIMIyV0lgut4jx7KQBcBiW6vkDtIBvHnHIquwNfJhk8v2OtmO8zXWHfPA=="],

    "@types/react": ["@types/react@19.2.2", "", { "dependencies": { "csstype": "^3.0.2" } }, "sha512-6mDvHUFSjyT2B2yeNx2nUgMxh9LtOWvkhIU3uePn2I2oyNymUAX1NIsdgviM4CH+JSrp2D2hsMvJOkxY+0wNRA=="],

    "@types/react-dom": ["@types/react-dom@19.2.2", "", { "peerDependencies": { "@types/react": "^19.2.0" } }, "sha512-9KQPoO6mZCi7jcIStSnlOWn2nEF3mNmyr3rIAsGnAbQKYbRLyqmeSc39EVgtxXVia+LMT8j3knZLAZAh+xLmrw=="],

    "bun-types": ["bun-types@1.3.1", "", { "dependencies": { "@types/node": "*" }, "peerDependencies": { "@types/react": "^19" } }, "sha512-NMrcy7smratanWJ2mMXdpatalovtxVggkj11bScuWuiOoXTiKIu2eVS1/7qbyI/4yHedtsn175n4Sm4JcdHLXw=="],

    "chessops": ["chessops@0.15.0", "", { "dependencies": { "@badrap/result": "^0.3" } }, "sha512-4Ps0O8/UO09tDGbze1mMilUSMZjVYMFtQvrhlCQV385cO0BgdUPUZsq/r1Qrf6UQ4J0i7XcMbRRvFRKu+Ith1w=="],

    "csstype": ["csstype@3.1.3", "", {}, "sha512-M1uQkMl8rQK/szD0LNhtqxIPLpimGm8sOBwU7lLnCpSbTyY3yeU1Vc7l4KT5zT4s/yOxHH5O7tIuuLOCnLADRw=="],

    "react": ["react@19.2.0", "", {}, "sha512-tmbWg6W31tQLeB5cdIBOicJDJRR2KzXsV7uSK9iNfLWQ5bIZfxuPEHp7M8wiHyHnn0DD1i7w3Zmin0FtkrwoCQ=="],

    "react-chessboard": ["react-chessboard@5.8.3", "", { "dependencies": { "@dnd-kit/core": "^6.3.1", "@dnd-kit/modifiers": "^9.0.0" }, "peerDependencies": { "react": "^19.0.0", "react-dom": "^19.0.0" } }, "sha512-F+HWCmJ+x3kOADsN+NVijVPYoS4Zw1MxSxMiWXo31Cy+I10zULH36LjGSoyg3Z6xt/C+1qdctPl5Kvm93BKI2g=="],

    "react-dom": ["react-dom@19.2.0", "", { "dependencies": { "scheduler": "^0.27.0" }, "peerDependencies": { "react": "^19.2.0" } }, "sha512-UlbRu4cAiGaIewkPyiRGJk0imDN2T3JjieT6spoL2UeSf5od4n5LB/mQ4ejmxhCFT1tYe8IvaFulzynWovsEFQ=="],

    "scheduler": ["scheduler@0.27.0", "", {}, "sha512-eNv+WrVbKu1f3vbYJT/xtiF5syA5HPIMtf9IgY/nKg0sWqzAUEvqY/xm7OcZc/qafLx/iO9FgOmeSAp4v5ti/Q=="],

    "tslib": ["tslib@2.8.1", "", {}, "sha512-oJFu94HQb+KVduSUQL7wnpmqnfmLsOA/nAh6b6EH0wCEoK0/mPeXU6c3wKDV83MkOuHPRHtSXKKU99IBazS/2w=="],

    "undici-types": ["undici-types@7.16.0", "", {}, "sha512-Zz+aZWSj8LE6zoxD+xrjh4VfkIG8Ya6LvYkZqtUQGJPZjYl53ypCaUwWqo7eI0x66KBGeRo+mlBEkMSeSZ38Nw=="],
  }
}
